Microsoft Visual Studio Solution File, Format Version 12.00
# Visual Studio Version 17
VisualStudioVersion = 17.5.2.0
MinimumVisualStudioVersion = 10.0.40219.1
Project("{2150E333-8FDC-42A3-9474-1A3956D46DE8}") = "mur-image-service", "mur-image-service", "{8AC31484-5C9C-DA30-1BA2-6CB45F39CDC0}"
EndProject
Project("{2150E333-8FDC-42A3-9474-1A3956D46DE8}") = "camera-service", "camera-service", "{63CB575A-4CDA-8875-5912-8107C778D146}"
EndProject
Project("{FAE04EC0-301F-11D3-BF4B-00C04F79EFBC}") = "MurImageService", "mur-image-service\MurImageService\MurImageService.csproj", "{0D9700AC-AA29-6B97-C119-E0D3F01BD699}"
EndProject
Project("{FAE04EC0-301F-11D3-BF4B-00C04F79EFBC}") = "CameraService", "camera-service\CameraService\CameraService.csproj", "{5FC17512-2939-0659-F1EC-F0A25F833E68}"
EndProject
Global
	GlobalSection(SolutionConfigurationPlatforms) = preSolution
		Debug|Any CPU = Debug|Any CPU
		Release|Any CPU = Release|Any CPU
	EndGlobalSection
	GlobalSection(ProjectConfigurationPlatforms) = postSolution
		{0D9700AC-AA29-6B97-C119-E0D3F01BD699}.Debug|Any CPU.ActiveCfg = Debug|Any CPU
		{0D9700AC-AA29-6B97-C119-E0D3F01BD699}.Debug|Any CPU.Build.0 = Debug|Any CPU
		{0D9700AC-AA29-6B97-C119-E0D3F01BD699}.Release|Any CPU.ActiveCfg = Release|Any CPU
		{0D9700AC-AA29-6B97-C119-E0D3F01BD699}.Release|Any CPU.Build.0 = Release|Any CPU
		{5FC17512-2939-0659-F1EC-F0A25F833E68}.Debug|Any CPU.ActiveCfg = Debug|Any CPU
		{5FC17512-2939-0659-F1EC-F0A25F833E68}.Debug|Any CPU.Build.0 = Debug|Any CPU
		{5FC17512-2939-0659-F1EC-F0A25F833E68}.Release|Any CPU.ActiveCfg = Release|Any CPU
		{5FC17512-2939-0659-F1EC-F0A25F833E68}.Release|Any CPU.Build.0 = Release|Any CPU
	EndGlobalSection
	GlobalSection(SolutionProperties) = preSolution
		HideSolutionNode = FALSE
	EndGlobalSection
	GlobalSection(NestedProjects) = preSolution
		{0D9700AC-AA29-6B97-C119-E0D3F01BD699} = {8AC31484-5C9C-DA30-1BA2-6CB45F39CDC0}
		{5FC17512-2939-0659-F1EC-F0A25F833E68} = {63CB575A-4CDA-8875-5912-8107C778D146}
	EndGlobalSection
	GlobalSection(ExtensibilityGlobals) = postSolution
		SolutionGuid = {3921F537-78D3-4743-83F7-79F896F14114}
	EndGlobalSection
EndGlobal
